// !$*UTF8*$!
{
	archiveVersion = 1;
	classes = {
	};
	objectVersion = 55;
	objects = {

/* Begin PBXBuildFile section */
		EE47D172271E6F9A00E19292 /* AppDelegate.swift in Sources */ = {isa = PBXBuildFile; fileRef = EE47D171271E6F9A00E19292 /* AppDelegate.swift */; };
		EE47D174271E6F9A00E19292 /* SceneDelegate.swift in Sources */ = {isa = PBXBuildFile; fileRef = EE47D173271E6F9A00E19292 /* SceneDelegate.swift */; };
		EE47D176271E6F9A00E19292 /* ViewController.swift in Sources */ = {isa = PBXBuildFile; fileRef = EE47D175271E6F9A00E19292 /* ViewController.swift */; };
		EE47D179271E6F9A00E19292 /* Main.storyboard in Resources */ = {isa = PBXBuildFile; fileRef = EE47D177271E6F9A00E19292 /* Main.storyboard */; };
		EE47D17C271E6F9A00E19292 /* Parstagram.xcdatamodeld in Sources */ = {isa = PBXBuildFile; fileRef = EE47D17A271E6F9A00E19292 /* Parstagram.xcdatamodeld */; };
		EE47D17E271E6F9D00E19292 /* Assets.xcassets in Resources */ = {isa = PBXBuildFile; fileRef = EE47D17D271E6F9D00E19292 /* Assets.xcassets */; };
		EE47D181271E6F9D00E19292 /* LaunchScreen.storyboard in Resources */ = {isa = PBXBuildFile; fileRef = EE47D17F271E6F9D00E19292 /* LaunchScreen.storyboard */; };
		EE47D18C271E6F9D00E19292 /* ParstagramTests.swift in Sources */ = {isa = PBXBuildFile; fileRef = EE47D18B271E6F9D00E19292 /* ParstagramTests.swift */; };
		EE47D196271E6F9D00E19292 /* ParstagramUITests.swift in Sources */ = {isa = PBXBuildFile; fileRef = EE47D195271E6F9D00E19292 /* ParstagramUITests.swift */; };
		EE47D198271E6F9D00E19292 /* ParstagramUITestsLaunchTests.swift in Sources */ = {isa = PBXBuildFile; fileRef = EE47D197271E6F9D00E19292 /* ParstagramUITestsLaunchTests.swift */; };
/* End PBXBuildFile section */

/* Begin PBXContainerItemProxy section */
		EE47D188271E6F9D00E19292 /* PBXContainerItemProxy */ = {
			isa = PBXContainerItemProxy;
			containerPortal = EE47D166271E6F9A00E19292 /* Project object */;
			proxyType = 1;
			remoteGlobalIDString = EE47D16D271E6F9A00E19292;
			remoteInfo = Parstagram;
		};
		EE47D192271E6F9D00E19292 /* PBXContainerItemProxy */ = {
			isa = PBXContainerItemProxy;
			containerPortal = EE47D166271E6F9A00E19292 /* Project object */;
			proxyType = 1;
			remoteGlobalIDString = EE47D16D271E6F9A00E19292;
			remoteInfo = Parstagram;
		};
/* End PBXContainerItemProxy section */

/* Begin PBXFileReference section */
		EE47D16E271E6F9A00E19292 /* Parstagram.app */ = {isa = PBXFileReference; explicitFileType = wrapper.application; includeInIndex = 0; path = Parstagram.app; sourceTree = BUILT_PRODUCTS_DIR; };
		EE47D171271E6F9A00E19292 /* AppDelegate.swift */ = {isa = PBXFileReference; lastKnownFileType = sourcecode.swift; path = AppDelegate.swift; sourceTree = "<group>"; };
		EE47D173271E6F9A00E19292 /* SceneDelegate.swift */ = {isa = PBXFileReference; lastKnownFileType = sourcecode.swift; path = SceneDelegate.swift; sourceTree = "<group>"; };
		EE47D175271E6F9A00E19292 /* ViewController.swift */ = {isa = PBXFileReference; lastKnownFileType = sourcecode.swift; path = ViewController.swift; sourceTree = "<group>"; };
		EE47D178271E6F9A00E19292 /* Base */ = {isa = PBXFileReference; lastKnownFileType = file.storyboard; name = Base; path = Base.lproj/Main.storyboard; sourceTree = "<group>"; };
		EE47D17B271E6F9A00E19292 /* Parstagram.xcdatamodel */ = {isa = PBXFileReference; lastKnownFileType = wrapper.xcdatamodel; path = Parstagram.xcdatamodel; sourceTree = "<group>"; };
		EE47D17D271E6F9D00E19292 /* Assets.xcassets */ = {isa = PBXFileReference; lastKnownFileType = folder.assetcatalog; path = Assets.xcassets; sourceTree = "<group>"; };
		EE47D180271E6F9D00E19292 /* Base */ = {isa = PBXFileReference; lastKnownFileType = file.storyboard; name = Base; path = Base.lproj/LaunchScreen.storyboard; sourceTree = "<group>"; };
		EE47D182271E6F9D00E19292 /* Info.plist */ = {isa = PBXFileReference; lastKnownFileType = text.plist.xml; path = Info.plist; sourceTree = "<group>"; };
		EE47D187271E6F9D00E19292 /* ParstagramTests.xctest */ = {isa = PBXFileReference; explicitFileType = wrapper.cfbundle; includeInIndex = 0; path = ParstagramTests.xctest; sourceTree = BUILT_PRODUCTS_DIR; };
		EE47D18B271E6F9D00E19292 /* ParstagramTests.swift */ = {isa = PBXFileReference; lastKnownFileType = sourcecode.swift; path = ParstagramTests.swift; sourceTree = "<group>"; };
		EE47D191271E6F9D00E19292 /* ParstagramUITests.xctest */ = {isa = PBXFileReference; explicitFileType = wrapper.cfbundle; includeInIndex = 0; path = ParstagramUITests.xctest; sourceTree = BUILT_PRODUCTS_DIR; };
		EE47D195271E6F9D00E19292 /* ParstagramUITests.swift */ = {isa = PBXFileReference; lastKnownFileType = sourcecode.swift; path = ParstagramUITests.swift; sourceTree = "<group>"; };
		EE47D197271E6F9D00E19292 /* ParstagramUITestsLaunchTests.swift */ = {isa = PBXFileReference; lastKnownFileType = sourcecode.swift; path = ParstagramUITestsLaunchTests.swift; sourceTree = "<group>"; };
/* End PBXFileReference section */

/* Begin PBXFrameworksBuildPhase section */
		EE47D16B271E6F9A00E19292 /* Frameworks */ = {
			isa = PBXFrameworksBuildPhase;
			buildActionMask = 2147483647;
			files = (
			);
			runOnlyForDeploymentPostprocessing = 0;
		};
		EE47D184271E6F9D00E19292 /* Frameworks */ = {
			isa = PBXFrameworksBuildPhase;
			buildActionMask = 2147483647;
			files = (
			);
			runOnlyForDeploymentPostprocessing = 0;
		};
		EE47D18E271E6F9D00E19292 /* Frameworks */ = {
			isa = PBXFrameworksBuildPhase;
			buildActionMask = 2147483647;
			files = (
			);
			runOnlyForDeploymentPostprocessing = 0;
		};
/* End PBXFrameworksBuildPhase section */

/* Begin PBXGroup section */
		EE47D165271E6F9A00E19292 = {
			isa = PBXGroup;
			children = (
				EE47D170271E6F9A00E19292 /* Parstagram */,
				EE47D18A271E6F9D00E19292 /* ParstagramTests */,
				EE47D194271E6F9D00E19292 /* ParstagramUITests */,
				EE47D16F271E6F9A00E19292 /* Products */,
			);
			sourceTree = "<group>";
		};
		EE47D16F271E6F9A00E19292 /* Products */ = {
			isa = PBXGroup;
			children = (
				EE47D16E271E6F9A00E19292 /* Parstagram.app */,
				EE47D187271E6F9D00E19292 /* ParstagramTests.xctest */,
				EE47D191271E6F9D00E19292 /* ParstagramUITests.xctest */,
			);
			name = Products;
			sourceTree = "<group>";
		};
		EE47D170271E6F9A00E19292 /* Parstagram */ = {
			isa = PBXGroup;
			children = (
				EE47D171271E6F9A00E19292 /* AppDelegate.swift */,
				EE47D173271E6F9A00E19292 /* SceneDelegate.swift */,
				EE47D175271E6F9A00E19292 /* ViewController.swift */,
				EE47D177271E6F9A00E19292 /* Main.storyboard */,
				EE47D17D271E6F9D00E19292 /* Assets.xcassets */,
				EE47D17F271E6F9D00E19292 /* LaunchScreen.storyboard */,
				EE47D182271E6F9D00E19292 /* Info.plist */,
				EE47D17A271E6F9A00E19292 /* Parstagram.xcdatamodeld */,
			);
			path = Parstagram;
			sourceTree = "<group>";
		};
		EE47D18A271E6F9D00E19292 /* ParstagramTests */ = {
			isa = PBXGroup;
			children = (
				EE47D18B271E6F9D00E19292 /* ParstagramTests.swift */,
			);
			path = ParstagramTests;
			sourceTree = "<group>";
		};
		EE47D194271E6F9D00E19292 /* ParstagramUITests */ = {
			isa = PBXGroup;
			children = (
				EE47D195271E6F9D00E19292 /* ParstagramUITests.swift */,
				EE47D197271E6F9D00E19292 /* ParstagramUITestsLaunchTests.swift */,
			);
			path = ParstagramUITests;
			sourceTree = "<group>";
		};
/* End PBXGroup section */

/* Begin PBXNativeTarget section */
		EE47D16D271E6F9A00E19292 /* Parstagram */ = {
			isa = PBXNativeTarget;
			buildConfigurationList = EE47D19B271E6F9D00E19292 /* Build configuration list for PBXNativeTarget "Parstagram" */;
			buildPhases = (
				EE47D16A271E6F9A00E19292 /* Sources */,
				EE47D16B271E6F9A00E19292 /* Frameworks */,
				EE47D16C271E6F9A00E19292 /* Resources */,
			);
			buildRules = (
			);
			dependencies = (
			);
			name = Parstagram;
			productName = Parstagram;
			productReference = EE47D16E271E6F9A00E19292 /* Parstagram.app */;
			productType = "com.apple.product-type.application";
		};
		EE47D186271E6F9D00E19292 /* ParstagramTests */ = {
			isa = PBXNativeTarget;
			buildConfigurationList = EE47D19E271E6F9D00E19292 /* Build configuration list for PBXNativeTarget "ParstagramTests" */;
			buildPhases = (
				EE47D183271E6F9D00E19292 /* Sources */,
				EE47D184271E6F9D00E19292 /* Frameworks */,
				EE47D185271E6F9D00E19292 /* Resources */,
			);
			buildRules = (
			);
			dependencies = (
				EE47D189271E6F9D00E19292 /* PBXTargetDependency */,
			);
			name = ParstagramTests;
			productName = ParstagramTests;
			productReference = EE47D187271E6F9D00E19292 /* ParstagramTests.xctest */;
			productType = "com.apple.product-type.bundle.unit-test";
		};
		EE47D190271E6F9D00E19292 /* ParstagramUITests */ = {
			isa = PBXNativeTarget;
			buildConfigurationList = EE47D1A1271E6F9D00E19292 /* Build configuration list for PBXNativeTarget "ParstagramUITests" */;
			buildPhases = (
				EE47D18D271E6F9D00E19292 /* Sources */,
				EE47D18E271E6F9D00E19292 /* Frameworks */,
				EE47D18F271E6F9D00E19292 /* Resources */,
			);
			buildRules = (
			);
			dependencies = (
				EE47D193271E6F9D00E19292 /* PBXTargetDependency */,
			);
			name = ParstagramUITests;
			productName = ParstagramUITests;
			productReference = EE47D191271E6F9D00E19292 /* ParstagramUITests.xctest */;
			productType = "com.apple.product-type.bundle.ui-testing";
		};
/* End PBXNativeTarget section */

/* Begin PBXProject section */
		EE47D166271E6F9A00E19292 /* Project object */ = {
			isa = PBXProject;
			attributes = {
				BuildIndependentTargetsInParallel = 1;
				LastSwiftUpdateCheck = 1300;
				LastUpgradeCheck = 1300;
				TargetAttributes = {
					EE47D16D271E6F9A00E19292 = {
						CreatedOnToolsVersion = 13.0;
					};
					EE47D186271E6F9D00E19292 = {
						CreatedOnToolsVersion = 13.0;
						TestTargetID = EE47D16D271E6F9A00E19292;
					};
					EE47D190271E6F9D00E19292 = {
						CreatedOnToolsVersion = 13.0;
						TestTargetID = EE47D16D271E6F9A00E19292;
					};
				};
			};
			buildConfigurationList = EE47D169271E6F9A00E19292 /* Build configuration list for PBXProject "Parstagram" */;
			compatibilityVersion = "Xcode 13.0";
			developmentRegion = en;
			hasScannedForEncodings = 0;
			knownRegions = (
				en,
				Base,
			);
			mainGroup = EE47D165271E6F9A00E19292;
			productRefGroup = EE47D16F271E6F9A00E19292 /* Products */;
			projectDirPath = "";
			projectRoot = "";
			targets = (
				EE47D16D271E6F9A00E19292 /* Parstagram */,
				EE47D186271E6F9D00E19292 /* ParstagramTests */,
				EE47D190271E6F9D00E19292 /* ParstagramUITests */,
			);
		};
/* End PBXProject section */

/* Begin PBXResourcesBuildPhase section */
		EE47D16C271E6F9A00E19292 /* Resources */ = {
			isa = PBXResourcesBuildPhase;
			buildActionMask = 2147483647;
			files = (
				EE47D181271E6F9D00E19292 /* LaunchScreen.storyboard in Resources */,
				EE47D17E271E6F9D00E19292 /* Assets.xcassets in Resources */,
				EE47D179271E6F9A00E19292 /* Main.storyboard in Resources */,
			);
			runOnlyForDeploymentPostprocessing = 0;
		};
		EE47D185271E6F9D00E19292 /* Resources */ = {
			isa = PBXResourcesBuildPhase;
			buildActionMask = 2147483647;
			files = (
			);
			runOnlyForDeploymentPostprocessing = 0;
		};
		EE47D18F271E6F9D00E19292 /* Resources */ = {
			isa = PBXResourcesBuildPhase;
			buildActionMask = 2147483647;
			files = (
			);
			runOnlyForDeploymentPostprocessing = 0;
		};
/* End PBXResourcesBuildPhase section */

/* Begin PBXSourcesBuildPhase section */
		EE47D16A271E6F9A00E19292 /* Sources */ = {
			isa = PBXSourcesBuildPhase;
			buildActionMask = 2147483647;
			files = (
				EE47D176271E6F9A00E19292 /* ViewController.swift in Sources */,
				EE47D17C271E6F9A00E19292 /* Parstagram.xcdatamodeld in Sources */,
				EE47D172271E6F9A00E19292 /* AppDelegate.swift in Sources */,
				EE47D174271E6F9A00E19292 /* SceneDelegate.swift in Sources */,
			);
			runOnlyForDeploymentPostprocessing = 0;
		};
		EE47D183271E6F9D00E19292 /* Sources */ = {
			isa = PBXSourcesBuildPhase;
			buildActionMask = 2147483647;
			files = (
				EE47D18C271E6F9D00E19292 /* ParstagramTests.swift in Sources */,
			);
			runOnlyForDeploymentPostprocessing = 0;
		};
		EE47D18D271E6F9D00E19292 /* Sources */ = {
			isa = PBXSourcesBuildPhase;
			buildActionMask = 2147483647;
			files = (
				EE47D198271E6F9D00E19292 /* ParstagramUITestsLaunchTests.swift in Sources */,
				EE47D196271E6F9D00E19292 /* ParstagramUITests.swift in Sources */,
			);
			runOnlyForDeploymentPostprocessing = 0;
		};
/* End PBXSourcesBuildPhase section */

/* Begin PBXTargetDependency section */
		EE47D189271E6F9D00E19292 /* PBXTargetDependency */ = {
			isa = PBXTargetDependency;
			target = EE47D16D271E6F9A00E19292 /* Parstagram */;
			targetProxy = EE47D188271E6F9D00E19292 /* PBXContainerItemProxy */;
		};
		EE47D193271E6F9D00E19292 /* PBXTargetDependency */ = {
			isa = PBXTargetDependency;
			target = EE47D16D271E6F9A00E19292 /* Parstagram */;
			targetProxy = EE47D192271E6F9D00E19292 /* PBXContainerItemProxy */;
		};
/* End PBXTargetDependency section */

/* Begin PBXVariantGroup section */
		EE47D177271E6F9A00E19292 /* Main.storyboard */ = {
			isa = PBXVariantGroup;
			children = (
				EE47D178271E6F9A00E19292 /* Base */,
			);
			name = Main.storyboard;
			sourceTree = "<group>";
		};
		EE47D17F271E6F9D00E19292 /* LaunchScreen.storyboard */ = {
			isa = PBXVariantGroup;
			children = (
				EE47D180271E6F9D00E19292 /* Base */,
			);
			name = LaunchScreen.storyboard;
			sourceTree = "<group>";
		};
/* End PBXVariantGroup section */

/* Begin XCBuildConfiguration section */
		EE47D199271E6F9D00E19292 /* Debug */ = {
			isa = XCBuildConfiguration;
			buildSettings = {
				ALWAYS_SEARCH_USER_PATHS = NO;
				CLANG_ANALYZER_NONNULL = YES;
				CLANG_ANALYZER_NUMBER_OBJECT_CONVERSION = YES_AGGRESSIVE;
				CLANG_CXX_LANGUAGE_STANDARD = "gnu++17";
				CLANG_CXX_LIBRARY = "libc++";
				CLANG_ENABLE_MODULES = YES;
				CLANG_ENABLE_OBJC_ARC = YES;
				CLANG_ENABLE_OBJC_WEAK = YES;
				CLANG_WARN_BLOCK_CAPTURE_AUTORELEASING = YES;
				CLANG_WARN_BOOL_CONVERSION = YES;
				CLANG_WARN_COMMA = YES;
				CLANG_WARN_CONSTANT_CONVERSION = YES;
				CLANG_WARN_DEPRECATED_OBJC_IMPLEMENTATIONS = YES;
				CLANG_WARN_DIRECT_OBJC_ISA_USAGE = YES_ERROR;
				CLANG_WARN_DOCUMENTATION_COMMENTS = YES;
				CLANG_WARN_EMPTY_BODY = YES;
				CLANG_WARN_ENUM_CONVERSION = YES;
				CLANG_WARN_INFINITE_RECURSION = YES;
				CLANG_WARN_INT_CONVERSION = YES;
				CLANG_WARN_NON_LITERAL_NULL_CONVERSION = YES;
				CLANG_WARN_OBJC_IMPLICIT_RETAIN_SELF = YES;
				CLANG_WARN_OBJC_LITERAL_CONVERSION = YES;
				CLANG_WARN_OBJC_ROOT_CLASS = YES_ERROR;
				CLANG_WARN_QUOTED_INCLUDE_IN_FRAMEWORK_HEADER = YES;
				CLANG_WARN_RANGE_LOOP_ANALYSIS = YES;
				CLANG_WARN_STRICT_PROTOTYPES = YES;
				CLANG_WARN_SUSPICIOUS_MOVE = YES;
				CLANG_WARN_UNGUARDED_AVAILABILITY = YES_AGGRESSIVE;
				CLANG_WARN_UNREACHABLE_CODE = YES;
				CLANG_WARN__DUPLICATE_METHOD_MATCH = YES;
				COPY_PHASE_STRIP = NO;
				DEBUG_INFORMATION_FORMAT = dwarf;
				ENABLE_STRICT_OBJC_MSGSEND = YES;
				ENABLE_TESTABILITY = YES;
				GCC_C_LANGUAGE_STANDARD = gnu11;
				GCC_DYNAMIC_NO_PIC = NO;
				GCC_NO_COMMON_BLOCKS = YES;
				GCC_OPTIMIZATION_LEVEL = 0;
				GCC_PREPROCESSOR_DEFINITIONS = (
					"DEBUG=1",
					"$(inherited)",
				);
				GCC_WARN_64_TO_32_BIT_CONVERSION = YES;
				GCC_WARN_ABOUT_RETURN_TYPE = YES_ERROR;
				GCC_WARN_UNDECLARED_SELECTOR = YES;
				GCC_WARN_UNINITIALIZED_AUTOS = YES_AGGRESSIVE;
				GCC_WARN_UNUSED_FUNCTION = YES;
				GCC_WARN_UNUSED_VARIABLE = YES;
				IPHONEOS_DEPLOYMENT_TARGET = 15.0;
				MTL_ENABLE_DEBUG_INFO = INCLUDE_SOURCE;
				MTL_FAST_MATH = YES;
				ONLY_ACTIVE_ARCH = YES;
				SDKROOT = iphoneos;
				SWIFT_ACTIVE_COMPILATION_CONDITIONS = DEBUG;
				SWIFT_OPTIMIZATION_LEVEL = "-Onone";
			};
			name = Debug;
		};
		EE47D19A271E6F9D00E19292 /* Release */ = {
			isa = XCBuildConfiguration;
			buildSettings = {
				ALWAYS_SEARCH_USER_PATHS = NO;
				CLANG_ANALYZER_NONNULL = YES;
				CLANG_ANALYZER_NUMBER_OBJECT_CONVERSION = YES_AGGRESSIVE;
				CLANG_CXX_LANGUAGE_STANDARD = "gnu++17";
				CLANG_CXX_LIBRARY = "libc++";
				CLANG_ENABLE_MODULES = YES;
				CLANG_ENABLE_OBJC_ARC = YES;
				CLANG_ENABLE_OBJC_WEAK = YES;
				CLANG_WARN_BLOCK_CAPTURE_AUTORELEASING = YES;
				CLANG_WARN_BOOL_CONVERSION = YES;
				CLANG_WARN_COMMA = YES;
				CLANG_WARN_CONSTANT_CONVERSION = YES;
				CLANG_WARN_DEPRECATED_OBJC_IMPLEMENTATIONS = YES;
				CLANG_WARN_DIRECT_OBJC_ISA_USAGE = YES_ERROR;
				CLANG_WARN_DOCUMENTATION_COMMENTS = YES;
				CLANG_WARN_EMPTY_BODY = YES;
				CLANG_WARN_ENUM_CONVERSION = YES;
				CLANG_WARN_INFINITE_RECURSION = YES;
				CLANG_WARN_INT_CONVERSION = YES;
				CLANG_WARN_NON_LITERAL_NULL_CONVERSION = YES;
				CLANG_WARN_OBJC_IMPLICIT_RETAIN_SELF = YES;
				CLANG_WARN_OBJC_LITERAL_CONVERSION = YES;
				CLANG_WARN_OBJC_ROOT_CLASS = YES_ERROR;
				CLANG_WARN_QUOTED_INCLUDE_IN_FRAMEWORK_HEADER = YES;
				CLANG_WARN_RANGE_LOOP_ANALYSIS = YES;
				CLANG_WARN_STRICT_PROTOTYPES = YES;
				CLANG_WARN_SUSPICIOUS_MOVE = YES;
				CLANG_WARN_UNGUARDED_AVAILABILITY = YES_AGGRESSIVE;
				CLANG_WARN_UNREACHABLE_CODE = YES;
				CLANG_WARN__DUPLICATE_METHOD_MATCH = YES;
				COPY_PHASE_STRIP = NO;
				DEBUG_INFORMATION_FORMAT = "dwarf-with-dsym";
				ENABLE_NS_ASSERTIONS = NO;
				ENABLE_STRICT_OBJC_MSGSEND = YES;
				GCC_C_LANGUAGE_STANDARD = gnu11;
				GCC_NO_COMMON_BLOCKS = YES;
				GCC_WARN_64_TO_32_BIT_CONVERSION = YES;
				GCC_WARN_ABOUT_RETURN_TYPE = YES_ERROR;
				GCC_WARN_UNDECLARED_SELECTOR = YES;
				GCC_WARN_UNINITIALIZED_AUTOS = YES_AGGRESSIVE;
				GCC_WARN_UNUSED_FUNCTION = YES;
				GCC_WARN_UNUSED_VARIABLE = YES;
				IPHONEOS_DEPLOYMENT_TARGET = 15.0;
				MTL_ENABLE_DEBUG_INFO = NO;
				MTL_FAST_MATH = YES;
				SDKROOT = iphoneos;
				SWIFT_COMPILATION_MODE = wholemodule;
				SWIFT_OPTIMIZATION_LEVEL = "-O";
				VALIDATE_PRODUCT = YES;
			};
			name = Release;
		};
		EE47D19C271E6F9D00E19292 /* Debug */ = {
			isa = XCBuildConfiguration;
			buildSettings = {
				ASSETCATALOG_COMPILER_APPICON_NAME = AppIcon;
				ASSETCATALOG_COMPILER_GLOBAL_ACCENT_COLOR_NAME = AccentColor;
				CODE_SIGN_STYLE = Automatic;
				CURRENT_PROJECT_VERSION = 1;
				DEVELOPMENT_TEAM = 8HZSMXAYTT;
				GENERATE_INFOPLIST_FILE = YES;
				INFOPLIST_FILE = Parstagram/Info.plist;
				INFOPLIST_KEY_UIApplicationSupportsIndirectInputEvents = YES;
				INFOPLIST_KEY_UILaunchStoryboardName = LaunchScreen;
				INFOPLIST_KEY_UIMainStoryboardFile = Main;
				INFOPLIST_KEY_UISupportedInterfaceOrientations_iPad = "UIInterfaceOrientationPortrait UIInterfaceOrientationPortraitUpsideDown UIInterfaceOrientationLandscapeLeft UIInterfaceOrientationLandscapeRight";
				INFOPLIST_KEY_UISupportedInterfaceOrientations_iPhone = "UIInterfaceOrientationPortrait UIInterfaceOrientationLandscapeLeft UIInterfaceOrientationLandscapeRight";
				LD_RUNPATH_SEARCH_PATHS = (
					"$(inherited)",
					"@executable_path/Frameworks",
				);
				MARKETING_VERSION = 1.0;
				PRODUCT_BUNDLE_IDENTIFIER = com.mattswartz.Parstagram;
				PRODUCT_NAME = "$(TARGET_NAME)";
				SWIFT_EMIT_LOC_STRINGS = YES;
				SWIFT_VERSION = 5.0;
				TARGETED_DEVICE_FAMILY = "1,2";
			};
			name = Debug;
		};
		EE47D19D271E6F9D00E19292 /* Release */ = {
			isa = XCBuildConfiguration;
			buildSettings = {
				ASSETCATALOG_COMPILER_APPICON_NAME = AppIcon;
				ASSETCATALOG_COMPILER_GLOBAL_ACCENT_COLOR_NAME = AccentColor;
				CODE_SIGN_STYLE = Automatic;
				CURRENT_PROJECT_VERSION = 1;
				DEVELOPMENT_TEAM = 8HZSMXAYTT;
				GENERATE_INFOPLIST_FILE = YES;
				INFOPLIST_FILE = Parstagram/Info.plist;
				INFOPLIST_KEY_UIApplicationSupportsIndirectInputEvents = YES;
				INFOPLIST_KEY_UILaunchStoryboardName = LaunchScreen;
				INFOPLIST_KEY_UIMainStoryboardFile = Main;
				INFOPLIST_KEY_UISupportedInterfaceOrientations_iPad = "UIInterfaceOrientationPortrait UIInterfaceOrientationPortraitUpsideDown UIInterfaceOrientationLandscapeLeft UIInterfaceOrientationLandscapeRight";
				INFOPLIST_KEY_UISupportedInterfaceOrientations_iPhone = "UIInterfaceOrientationPortrait UIInterfaceOrientationLandscapeLeft UIInterfaceOrientationLandscapeRight";
				LD_RUNPATH_SEARCH_PATHS = (
					"$(inherited)",
					"@executable_path/Frameworks",
				);
				MARKETING_VERSION = 1.0;
				PRODUCT_BUNDLE_IDENTIFIER = com.mattswartz.Parstagram;
				PRODUCT_NAME = "$(TARGET_NAME)";
				SWIFT_EMIT_LOC_STRINGS = YES;
				SWIFT_VERSION = 5.0;
				TARGETED_DEVICE_FAMILY = "1,2";
			};
			name = Release;
		};
		EE47D19F271E6F9D00E19292 /* Debug */ = {
			isa = XCBuildConfiguration;
			buildSettings = {
				ALWAYS_EMBED_SWIFT_STANDARD_LIBRARIES = YES;
				BUNDLE_LOADER = "$(TEST_HOST)";
				CODE_SIGN_STYLE = Automatic;
				CURRENT_PROJECT_VERSION = 1;
				DEVELOPMENT_TEAM = 8HZSMXAYTT;
				GENERATE_INFOPLIST_FILE = YES;
				IPHONEOS_DEPLOYMENT_TARGET = 15.0;
				LD_RUNPATH_SEARCH_PATHS = (
					"$(inherited)",
					"@executable_path/Frameworks",
					"@loader_path/Frameworks",
				);
				MARKETING_VERSION = 1.0;
				PRODUCT_BUNDLE_IDENTIFIER = com.mattswartz.ParstagramTests;
				PRODUCT_NAME = "$(TARGET_NAME)";
				SWIFT_EMIT_LOC_STRINGS = NO;
				SWIFT_VERSION = 5.0;
				TARGETED_DEVICE_FAMILY = "1,2";
				TEST_HOST = "$(BUILT_PRODUCTS_DIR)/Parstagram.app/Parstagram";
			};
			name = Debug;
		};
		EE47D1A0271E6F9D00E19292 /* Release */ = {
			isa = XCBuildConfiguration;
			buildSettings = {
				ALWAYS_EMBED_SWIFT_STANDARD_LIBRARIES = YES;
				BUNDLE_LOADER = "$(TEST_HOST)";
				CODE_SIGN_STYLE = Automatic;
				CURRENT_PROJECT_VERSION = 1;
				DEVELOPMENT_TEAM = 8HZSMXAYTT;
				GENERATE_INFOPLIST_FILE = YES;
				IPHONEOS_DEPLOYMENT_TARGET = 15.0;
				LD_RUNPATH_SEARCH_PATHS = (
					"$(inherited)",
					"@executable_path/Frameworks",
					"@loader_path/Frameworks",
				);
				MARKETING_VERSION = 1.0;
				PRODUCT_BUNDLE_IDENTIFIER = com.mattswartz.ParstagramTests;
				PRODUCT_NAME = "$(TARGET_NAME)";
				SWIFT_EMIT_LOC_STRINGS = NO;
				SWIFT_VERSION = 5.0;
				TARGETED_DEVICE_FAMILY = "1,2";
				TEST_HOST = "$(BUILT_PRODUCTS_DIR)/Parstagram.app/Parstagram";
			};
			name = Release;
		};
		EE47D1A2271E6F9D00E19292 /* Debug */ = {
			isa = XCBuildConfiguration;
			buildSettings = {
				ALWAYS_EMBED_SWIFT_STANDARD_LIBRARIES = YES;
				CODE_SIGN_STYLE = Automatic;
				CURRENT_PROJECT_VERSION = 1;
				DEVELOPMENT_TEAM = 8HZSMXAYTT;
				GENERATE_INFOPLIST_FILE = YES;
				LD_RUNPATH_SEARCH_PATHS = (
					"$(inherited)",
					"@executable_path/Frameworks",
					"@loader_path/Frameworks",
				);
				MARKETING_VERSION = 1.0;
				PRODUCT_BUNDLE_IDENTIFIER = com.mattswartz.ParstagramUITests;
				PRODUCT_NAME = "$(TARGET_NAME)";
				SWIFT_EMIT_LOC_STRINGS = NO;
				SWIFT_VERSION = 5.0;
				TARGETED_DEVICE_FAMILY = "1,2";
				TEST_TARGET_NAME = Parstagram;
			};
			name = Debug;
		};
		EE47D1A3271E6F9D00E19292 /* Release */ = {
			isa = XCBuildConfiguration;
			buildSettings = {
				ALWAYS_EMBED_SWIFT_STANDARD_LIBRARIES = YES;
				CODE_SIGN_STYLE = Automatic;
				CURRENT_PROJECT_VERSION = 1;
				DEVELOPMENT_TEAM = 8HZSMXAYTT;
				GENERATE_INFOPLIST_FILE = YES;
				LD_RUNPATH_SEARCH_PATHS = (
					"$(inherited)",
					"@executable_path/Frameworks",
					"@loader_path/Frameworks",
				);
				MARKETING_VERSION = 1.0;
				PRODUCT_BUNDLE_IDENTIFIER = com.mattswartz.ParstagramUITests;
				PRODUCT_NAME = "$(TARGET_NAME)";
				SWIFT_EMIT_LOC_STRINGS = NO;
				SWIFT_VERSION = 5.0;
				TARGETED_DEVICE_FAMILY = "1,2";
				TEST_TARGET_NAME = Parstagram;
			};
			name = Release;
		};
/* End XCBuildConfiguration section */

/* Begin XCConfigurationList section */
		EE47D169271E6F9A00E19292 /* Build configuration list for PBXProject "Parstagram" */ = {
			isa = XCConfigurationList;
			buildConfigurations = (
				EE47D199271E6F9D00E19292 /* Debug */,
				EE47D19A271E6F9D00E19292 /* Release */,
			);
			defaultConfigurationIsVisible = 0;
			defaultConfigurationName = Release;
		};
		EE47D19B271E6F9D00E19292 /* Build configuration list for PBXNativeTarget "Parstagram" */ = {
			isa = XCConfigurationList;
			buildConfigurations = (
				EE47D19C271E6F9D00E19292 /* Debug */,
				EE47D19D271E6F9D00E19292 /* Release */,
			);
			defaultConfigurationIsVisible = 0;
			defaultConfigurationName = Release;
		};
		EE47D19E271E6F9D00E19292 /* Build configuration list for PBXNativeTarget "ParstagramTests" */ = {
			isa = XCConfigurationList;
			buildConfigurations = (
				EE47D19F271E6F9D00E19292 /* Debug */,
				EE47D1A0271E6F9D00E19292 /* Release */,
			);
			defaultConfigurationIsVisible = 0;
			defaultConfigurationName = Release;
		};
		EE47D1A1271E6F9D00E19292 /* Build configuration list for PBXNativeTarget "ParstagramUITests" */ = {
			isa = XCConfigurationList;
			buildConfigurations = (
				EE47D1A2271E6F9D00E19292 /* Debug */,
				EE47D1A3271E6F9D00E19292 /* Release */,
			);
			defaultConfigurationIsVisible = 0;
			defaultConfigurationName = Release;
		};
/* End XCConfigurationList section */

/* Begin XCVersionGroup section */
		EE47D17A271E6F9A00E19292 /* Parstagram.xcdatamodeld */ = {
			isa = XCVersionGroup;
			children = (
				EE47D17B271E6F9A00E19292 /* Parstagram.xcdatamodel */,
			);
			currentVersion = EE47D17B271E6F9A00E19292 /* Parstagram.xcdatamodel */;
			path = Parstagram.xcdatamodeld;
			sourceTree = "<group>";
			versionGroupType = wrapper.xcdatamodel;
		};
/* End XCVersionGroup section */
	};
	rootObject = EE47D166271E6F9A00E19292 /* Project object */;
}
